
Microsoft Visual Studio Solution File, Format Version 12.00
# Visual Studio Version 17
VisualStudioVersion = 17.5.33414.496
MinimumVisualStudioVersion = 10.0.40219.1
Project("{9A19103F-16F7-4668-BE54-9A1E7A4F7556}") = "RAerp", "RAerp.csproj", "{488F674B-F295-44B7-8AEC-1D3D9E44079A}"
EndProject
Project("{2150E333-8FDC-42A3-9474-1A3956D46DE8}") = "Modules", "Modules", "{87AD09E6-9319-4DD4-BBD8-69B3E06A81A5}"
EndProject
Project("{2150E333-8FDC-42A3-9474-1A3956D46DE8}") = "Libraries", "Libraries", "{1CB84F88-6C5B-4FAD-BDB1-D3E2B65CB75E}"
EndProject
Project("{9A19103F-16F7-4668-BE54-9A1E7A4F7556}") = "RA.Core", "..\Libraries\RA.Core\RA.Core.csproj", "{E828B558-11AE-4154-9BFB-5EE78F13294D}"
EndProject
Project("{9A19103F-16F7-4668-BE54-9A1E7A4F7556}") = "RA.Data", "..\Libraries\RA.Data\RA.Data.csproj", "{7D64F616-0CB3-4117-A4A7-625276BE2133}"
EndProject
Project("{9A19103F-16F7-4668-BE54-9A1E7A4F7556}") = "RA.WebFramework", "..\RA.WebFramework\RA.WebFramework.csproj", "{2D0CDA99-82DC-4BFC-B6C4-0CBFC34851AB}"
EndProject
Project("{2150E333-8FDC-42A3-9474-1A3956D46DE8}") = "CoreModules", "CoreModules", "{B774972B-5D6D-43E7-83AB-EA896620D071}"
EndProject
Project("{9A19103F-16F7-4668-BE54-9A1E7A4F7556}") = "RA.EntityTypes", "..\CoreModules\RA.EntityTypes\RA.EntityTypes.csproj", "{22BBF564-F186-4521-8ABE-8FDDEE969B74}"
EndProject
Project("{9A19103F-16F7-4668-BE54-9A1E7A4F7556}") = "RA.FormTypes", "..\CoreModules\RA.FormTypes\RA.FormTypes.csproj", "{547CE89A-E182-4FFB-97EF-37289BFADD4E}"
EndProject
Project("{2150E333-8FDC-42A3-9474-1A3956D46DE8}") = "Accounting", "Accounting", "{083DDE1E-170D-4B06-B9F8-C5CE0F374025}"
EndProject
Project("{2150E333-8FDC-42A3-9474-1A3956D46DE8}") = "Inventory", "Inventory", "{CCFCDC2A-6B0E-408B-8B05-0AAA38E790AD}"
EndProject
Project("{2150E333-8FDC-42A3-9474-1A3956D46DE8}") = "EntityTypes", "EntityTypes", "{502CAE96-7142-48CE-BDB0-8B08157B3F16}"
EndProject
Project("{9A19103F-16F7-4668-BE54-9A1E7A4F7556}") = "RA.BusinessEntities", "..\Modules\EntityTypes\RA.BusinessEntities\RA.BusinessEntities.csproj", "{90767745-58ED-40E4-BA6E-F4269C9CE198}"
EndProject
Project("{9A19103F-16F7-4668-BE54-9A1E7A4F7556}") = "RA.AccountsManagement", "..\Modules\Accounting\RA.AccountSavings\RA.AccountsManagement.csproj", "{4ACB9D9C-4C7E-4228-AB27-5CDFEFD5BA2E}"
EndProject
Project("{9A19103F-16F7-4668-BE54-9A1E7A4F7556}") = "RA.Inventory", "..\Modules\Inventory\RA.Inventory\RA.Inventory.csproj", "{E276C555-E90F-4E8A-9139-2404A1E957E1}"
EndProject
Project("{FAE04EC0-301F-11D3-BF4B-00C04F79EFBC}") = "RA.Categories", "..\Modules\EntityTypes\RA.Categories\RA.Categories.csproj", "{32F9E93B-75A9-4684-A292-41B8CC398A76}"
EndProject
Project("{2150E333-8FDC-42A3-9474-1A3956D46DE8}") = "Integration", "Integration", "{02EA681E-C7D8-13C7-8484-4AC65E1B71E8}"
EndProject
Project("{FAE04EC0-301F-11D3-BF4B-00C04F79EFBC}") = "RA.WebServiceEndpoints", "..\Modules\Integration\RA.WebServiceEndpoints\RA.WebServiceEndpoints.csproj", "{03FD814F-8389-61FA-DC42-B5822F0A79BF}"
EndProject
Project("{FAE04EC0-301F-11D3-BF4B-00C04F79EFBC}") = "RA.Catalogs", "..\Modules\EntityTypes\RA.Catalogs\RA.Catalogs.csproj", "{CE20A82B-C71A-186E-4668-7AAB35131693}"
EndProject
Project("{2150E333-8FDC-42A3-9474-1A3956D46DE8}") = "PointOfSale", "PointOfSale", "{4E8F3593-658F-48B4-9658-16A693973C97}"
EndProject
Project("{FAE04EC0-301F-11D3-BF4B-00C04F79EFBC}") = "RA.OrdersManagement", "..\Modules\PointOfSale\RA.OrdersManagement\RA.OrdersManagement.csproj", "{68B33851-EB34-48B0-9DE1-5D3C9AC74339}"
EndProject
Project("{2150E333-8FDC-42A3-9474-1A3956D46DE8}") = "Tests", "Tests", "{43A85B19-9ABD-481E-AF62-E08FF7E6714A}"
EndProject
Project("{FAE04EC0-301F-11D3-BF4B-00C04F79EFBC}") = "RAerp-NETCore-Tests", "..\RAerp-NETCore-Tests\RAerp-NETCore-Tests.csproj", "{672241D8-A441-4B6B-AEBB-282D6CCBEAD3}"
EndProject
Global
	GlobalSection(SolutionConfigurationPlatforms) = preSolution
		Debug|Any CPU = Debug|Any CPU
		Release|Any CPU = Release|Any CPU
	EndGlobalSection
	GlobalSection(ProjectConfigurationPlatforms) = postSolution
		{488F674B-F295-44B7-8AEC-1D3D9E44079A}.Debug|Any CPU.ActiveCfg = Debug|Any CPU
		{488F674B-F295-44B7-8AEC-1D3D9E44079A}.Debug|Any CPU.Build.0 = Debug|Any CPU
		{488F674B-F295-44B7-8AEC-1D3D9E44079A}.Release|Any CPU.ActiveCfg = Release|Any CPU
		{488F674B-F295-44B7-8AEC-1D3D9E44079A}.Release|Any CPU.Build.0 = Release|Any CPU
		{E828B558-11AE-4154-9BFB-5EE78F13294D}.Debug|Any CPU.ActiveCfg = Debug|Any CPU
		{E828B558-11AE-4154-9BFB-5EE78F13294D}.Debug|Any CPU.Build.0 = Debug|Any CPU
		{E828B558-11AE-4154-9BFB-5EE78F13294D}.Release|Any CPU.ActiveCfg = Release|Any CPU
		{E828B558-11AE-4154-9BFB-5EE78F13294D}.Release|Any CPU.Build.0 = Release|Any CPU
		{7D64F616-0CB3-4117-A4A7-625276BE2133}.Debug|Any CPU.ActiveCfg = Debug|Any CPU
		{7D64F616-0CB3-4117-A4A7-625276BE2133}.Debug|Any CPU.Build.0 = Debug|Any CPU
		{7D64F616-0CB3-4117-A4A7-625276BE2133}.Release|Any CPU.ActiveCfg = Release|Any CPU
		{7D64F616-0CB3-4117-A4A7-625276BE2133}.Release|Any CPU.Build.0 = Release|Any CPU
		{2D0CDA99-82DC-4BFC-B6C4-0CBFC34851AB}.Debug|Any CPU.ActiveCfg = Debug|Any CPU
		{2D0CDA99-82DC-4BFC-B6C4-0CBFC34851AB}.Debug|Any CPU.Build.0 = Debug|Any CPU
		{2D0CDA99-82DC-4BFC-B6C4-0CBFC34851AB}.Release|Any CPU.ActiveCfg = Release|Any CPU
		{2D0CDA99-82DC-4BFC-B6C4-0CBFC34851AB}.Release|Any CPU.Build.0 = Release|Any CPU
		{22BBF564-F186-4521-8ABE-8FDDEE969B74}.Debug|Any CPU.ActiveCfg = Debug|Any CPU
		{22BBF564-F186-4521-8ABE-8FDDEE969B74}.Debug|Any CPU.Build.0 = Debug|Any CPU
		{22BBF564-F186-4521-8ABE-8FDDEE969B74}.Release|Any CPU.ActiveCfg = Release|Any CPU
		{22BBF564-F186-4521-8ABE-8FDDEE969B74}.Release|Any CPU.Build.0 = Release|Any CPU
		{547CE89A-E182-4FFB-97EF-37289BFADD4E}.Debug|Any CPU.ActiveCfg = Debug|Any CPU
		{547CE89A-E182-4FFB-97EF-37289BFADD4E}.Debug|Any CPU.Build.0 = Debug|Any CPU
		{547CE89A-E182-4FFB-97EF-37289BFADD4E}.Release|Any CPU.ActiveCfg = Release|Any CPU
		{547CE89A-E182-4FFB-97EF-37289BFADD4E}.Release|Any CPU.Build.0 = Release|Any CPU
		{90767745-58ED-40E4-BA6E-F4269C9CE198}.Debug|Any CPU.ActiveCfg = Debug|Any CPU
		{90767745-58ED-40E4-BA6E-F4269C9CE198}.Debug|Any CPU.Build.0 = Debug|Any CPU
		{90767745-58ED-40E4-BA6E-F4269C9CE198}.Release|Any CPU.ActiveCfg = Release|Any CPU
		{90767745-58ED-40E4-BA6E-F4269C9CE198}.Release|Any CPU.Build.0 = Release|Any CPU
		{4ACB9D9C-4C7E-4228-AB27-5CDFEFD5BA2E}.Debug|Any CPU.ActiveCfg = Debug|Any CPU
		{4ACB9D9C-4C7E-4228-AB27-5CDFEFD5BA2E}.Debug|Any CPU.Build.0 = Debug|Any CPU
		{4ACB9D9C-4C7E-4228-AB27-5CDFEFD5BA2E}.Release|Any CPU.ActiveCfg = Release|Any CPU
		{4ACB9D9C-4C7E-4228-AB27-5CDFEFD5BA2E}.Release|Any CPU.Build.0 = Release|Any CPU
		{E276C555-E90F-4E8A-9139-2404A1E957E1}.Debug|Any CPU.ActiveCfg = Debug|Any CPU
		{E276C555-E90F-4E8A-9139-2404A1E957E1}.Debug|Any CPU.Build.0 = Debug|Any CPU
		{E276C555-E90F-4E8A-9139-2404A1E957E1}.Release|Any CPU.ActiveCfg = Release|Any CPU
		{E276C555-E90F-4E8A-9139-2404A1E957E1}.Release|Any CPU.Build.0 = Release|Any CPU
		{32F9E93B-75A9-4684-A292-41B8CC398A76}.Debug|Any CPU.ActiveCfg = Debug|Any CPU
		{32F9E93B-75A9-4684-A292-41B8CC398A76}.Debug|Any CPU.Build.0 = Debug|Any CPU
		{32F9E93B-75A9-4684-A292-41B8CC398A76}.Release|Any CPU.ActiveCfg = Release|Any CPU
		{32F9E93B-75A9-4684-A292-41B8CC398A76}.Release|Any CPU.Build.0 = Release|Any CPU
		{03FD814F-8389-61FA-DC42-B5822F0A79BF}.Debug|Any CPU.ActiveCfg = Debug|Any CPU
		{03FD814F-8389-61FA-DC42-B5822F0A79BF}.Debug|Any CPU.Build.0 = Debug|Any CPU
		{03FD814F-8389-61FA-DC42-B5822F0A79BF}.Release|Any CPU.ActiveCfg = Release|Any CPU
		{03FD814F-8389-61FA-DC42-B5822F0A79BF}.Release|Any CPU.Build.0 = Release|Any CPU
		{CE20A82B-C71A-186E-4668-7AAB35131693}.Debug|Any CPU.ActiveCfg = Debug|Any CPU
		{CE20A82B-C71A-186E-4668-7AAB35131693}.Debug|Any CPU.Build.0 = Debug|Any CPU
		{CE20A82B-C71A-186E-4668-7AAB35131693}.Release|Any CPU.ActiveCfg = Release|Any CPU
		{CE20A82B-C71A-186E-4668-7AAB35131693}.Release|Any CPU.Build.0 = Release|Any CPU
		{68B33851-EB34-48B0-9DE1-5D3C9AC74339}.Debug|Any CPU.ActiveCfg = Debug|Any CPU
		{68B33851-EB34-48B0-9DE1-5D3C9AC74339}.Debug|Any CPU.Build.0 = Debug|Any CPU
		{68B33851-EB34-48B0-9DE1-5D3C9AC74339}.Release|Any CPU.ActiveCfg = Release|Any CPU
		{68B33851-EB34-48B0-9DE1-5D3C9AC74339}.Release|Any CPU.Build.0 = Release|Any CPU
		{672241D8-A441-4B6B-AEBB-282D6CCBEAD3}.Debug|Any CPU.ActiveCfg = Debug|Any CPU
		{672241D8-A441-4B6B-AEBB-282D6CCBEAD3}.Debug|Any CPU.Build.0 = Debug|Any CPU
		{672241D8-A441-4B6B-AEBB-282D6CCBEAD3}.Release|Any CPU.ActiveCfg = Release|Any CPU
		{672241D8-A441-4B6B-AEBB-282D6CCBEAD3}.Release|Any CPU.Build.0 = Release|Any CPU
	EndGlobalSection
	GlobalSection(SolutionProperties) = preSolution
		HideSolutionNode = FALSE
	EndGlobalSection
	GlobalSection(NestedProjects) = preSolution
		{E828B558-11AE-4154-9BFB-5EE78F13294D} = {1CB84F88-6C5B-4FAD-BDB1-D3E2B65CB75E}
		{7D64F616-0CB3-4117-A4A7-625276BE2133} = {1CB84F88-6C5B-4FAD-BDB1-D3E2B65CB75E}
		{22BBF564-F186-4521-8ABE-8FDDEE969B74} = {B774972B-5D6D-43E7-83AB-EA896620D071}
		{547CE89A-E182-4FFB-97EF-37289BFADD4E} = {B774972B-5D6D-43E7-83AB-EA896620D071}
		{083DDE1E-170D-4B06-B9F8-C5CE0F374025} = {87AD09E6-9319-4DD4-BBD8-69B3E06A81A5}
		{CCFCDC2A-6B0E-408B-8B05-0AAA38E790AD} = {87AD09E6-9319-4DD4-BBD8-69B3E06A81A5}
		{502CAE96-7142-48CE-BDB0-8B08157B3F16} = {87AD09E6-9319-4DD4-BBD8-69B3E06A81A5}
		{90767745-58ED-40E4-BA6E-F4269C9CE198} = {502CAE96-7142-48CE-BDB0-8B08157B3F16}
		{4ACB9D9C-4C7E-4228-AB27-5CDFEFD5BA2E} = {083DDE1E-170D-4B06-B9F8-C5CE0F374025}
		{E276C555-E90F-4E8A-9139-2404A1E957E1} = {CCFCDC2A-6B0E-408B-8B05-0AAA38E790AD}
		{32F9E93B-75A9-4684-A292-41B8CC398A76} = {502CAE96-7142-48CE-BDB0-8B08157B3F16}
		{02EA681E-C7D8-13C7-8484-4AC65E1B71E8} = {87AD09E6-9319-4DD4-BBD8-69B3E06A81A5}
		{03FD814F-8389-61FA-DC42-B5822F0A79BF} = {02EA681E-C7D8-13C7-8484-4AC65E1B71E8}
		{CE20A82B-C71A-186E-4668-7AAB35131693} = {502CAE96-7142-48CE-BDB0-8B08157B3F16}
		{4E8F3593-658F-48B4-9658-16A693973C97} = {87AD09E6-9319-4DD4-BBD8-69B3E06A81A5}
		{68B33851-EB34-48B0-9DE1-5D3C9AC74339} = {4E8F3593-658F-48B4-9658-16A693973C97}
		{672241D8-A441-4B6B-AEBB-282D6CCBEAD3} = {43A85B19-9ABD-481E-AF62-E08FF7E6714A}
	EndGlobalSection
	GlobalSection(ExtensibilityGlobals) = postSolution
		SolutionGuid = {EFD139B4-E788-43DD-8C34-C92E58DE069D}
	EndGlobalSection
EndGlobal
